
Microsoft Visual Studio Solution File, Format Version 12.00
# Visual Studio Version 16
VisualStudioVersion = 16.0.31025.194
MinimumVisualStudioVersion = 10.0.40219.1
Project("{8BC9CEB8-8B4A-11D0-8D11-00A0C91BC942}") = "dz1p1", "dz1p1\dz1p1.vcxproj", "{FEDE3EA4-A979-4B30-AA66-26B8677535ED}"
EndProject
Project("{8BC9CEB8-8B4A-11D0-8D11-00A0C91BC942}") = "finalProvere", "finalProvere\finalProvere.vcxproj", "{6325FC10-72C8-493C-AB06-2644A6AB6ECC}"
EndProject
Global
	GlobalSection(SolutionConfigurationPlatforms) = preSolution
		Debug|x64 = Debug|x64
		Debug|x86 = Debug|x86
		Release|x64 = Release|x64
		Release|x86 = Release|x86
	EndGlobalSection
	GlobalSection(ProjectConfigurationPlatforms) = postSolution
		{FEDE3EA4-A979-4B30-AA66-26B8677535ED}.Debug|x64.ActiveCfg = Debug|x64
		{FEDE3EA4-A979-4B30-AA66-26B8677535ED}.Debug|x64.Build.0 = Debug|x64
		{FEDE3EA4-A979-4B30-AA66-26B8677535ED}.Debug|x86.ActiveCfg = Debug|Win32
		{FEDE3EA4-A979-4B30-AA66-26B8677535ED}.Debug|x86.Build.0 = Debug|Win32
		{FEDE3EA4-A979-4B30-AA66-26B8677535ED}.Release|x64.ActiveCfg = Release|x64
		{FEDE3EA4-A979-4B30-AA66-26B8677535ED}.Release|x64.Build.0 = Release|x64
		{FEDE3EA4-A979-4B30-AA66-26B8677535ED}.Release|x86.ActiveCfg = Release|Win32
		{FEDE3EA4-A979-4B30-AA66-26B8677535ED}.Release|x86.Build.0 = Release|Win32
		{6325FC10-72C8-493C-AB06-2644A6AB6ECC}.Debug|x64.ActiveCfg = Debug|x64
		{6325FC10-72C8-493C-AB06-2644A6AB6ECC}.Debug|x64.Build.0 = Debug|x64
		{6325FC10-72C8-493C-AB06-2644A6AB6ECC}.Debug|x86.ActiveCfg = Debug|Win32
		{6325FC10-72C8-493C-AB06-2644A6AB6ECC}.Debug|x86.Build.0 = Debug|Win32
		{6325FC10-72C8-493C-AB06-2644A6AB6ECC}.Release|x64.ActiveCfg = Release|x64
		{6325FC10-72C8-493C-AB06-2644A6AB6ECC}.Release|x64.Build.0 = Release|x64
		{6325FC10-72C8-493C-AB06-2644A6AB6ECC}.Release|x86.ActiveCfg = Release|Win32
		{6325FC10-72C8-493C-AB06-2644A6AB6ECC}.Release|x86.Build.0 = Release|Win32
	EndGlobalSection
	GlobalSection(SolutionProperties) = preSolution
		HideSolutionNode = FALSE
	EndGlobalSection
	GlobalSection(ExtensibilityGlobals) = postSolution
		SolutionGuid = {522CE4FA-E43C-443E-A341-A929A9951D23}
	EndGlobalSection
EndGlobal
