
Microsoft Visual Studio Solution File, Format Version 12.00
# Visual Studio Version 16
VisualStudioVersion = 16.0.31025.194
MinimumVisualStudioVersion = 10.0.40219.1
Project("{8BC9CEB8-8B4A-11D0-8D11-00A0C91BC942}") = "dz1p2", "dz1p2\dz1p2.vcxproj", "{09FAF406-701F-468F-BE59-6BC97CAA5CFF}"
EndProject
Global
	GlobalSection(SolutionConfigurationPlatforms) = preSolution
		Debug|x64 = Debug|x64
		Debug|x86 = Debug|x86
		Release|x64 = Release|x64
		Release|x86 = Release|x86
	EndGlobalSection
	GlobalSection(ProjectConfigurationPlatforms) = postSolution
		{09FAF406-701F-468F-BE59-6BC97CAA5CFF}.Debug|x64.ActiveCfg = Debug|x64
		{09FAF406-701F-468F-BE59-6BC97CAA5CFF}.Debug|x64.Build.0 = Debug|x64
		{09FAF406-701F-468F-BE59-6BC97CAA5CFF}.Debug|x86.ActiveCfg = Debug|Win32
		{09FAF406-701F-468F-BE59-6BC97CAA5CFF}.Debug|x86.Build.0 = Debug|Win32
		{09FAF406-701F-468F-BE59-6BC97CAA5CFF}.Release|x64.ActiveCfg = Release|x64
		{09FAF406-701F-468F-BE59-6BC97CAA5CFF}.Release|x64.Build.0 = Release|x64
		{09FAF406-701F-468F-BE59-6BC97CAA5CFF}.Release|x86.ActiveCfg = Release|Win32
		{09FAF406-701F-468F-BE59-6BC97CAA5CFF}.Release|x86.Build.0 = Release|Win32
	EndGlobalSection
	GlobalSection(SolutionProperties) = preSolution
		HideSolutionNode = FALSE
	EndGlobalSection
	GlobalSection(ExtensibilityGlobals) = postSolution
		SolutionGuid = {D04B7CF9-11A5-4BDD-AB56-B3FC8EC8564B}
	EndGlobalSection
EndGlobal
